{
  "name": "@lerna/test2",
  "version": "1.0.7",
  "lockfileVersion": 1,
  "requires": true,
  "dependencies": {
    "@lerna/test1": {
      "version": "file:../lerna-test1",
      "requires": {
        "lodash": "^4.17.15"
      },
      "dependencies": {
        "lodash": {
          "version": "4.17.15",
          "bundled": true
        }
      }
    }
  }
}
